<?xml version="1.0" encoding="UTF-8" standalone="yes" ?>
<CodeBlocks_project_file>
	<FileVersion major="1" minor="6" />
	<Project>
		<Option title="Fury-Fighting" />
		<Option pch_mode="2" />
		<Option compiler="gcc" />
		<Build>
			<Target title="Linux">
				<Option output="Bin/FuryFighting" prefix_auto="1" extension_auto="1" />
				<Option working_dir="Bin/" />
				<Option object_output="0bj/" />
				<Option type="1" />
				<Option compiler="gcc" />
				<Linker>
					<Add library="GL" />
					<Add library="GLU" />
				</Linker>
			</Target>
			<Target title="Windows">
				<Option output="Bin/opengl" prefix_auto="1" extension_auto="1" />
				<Option working_dir="Bin/" />
				<Option object_output="0bj/" />
				<Option type="0" />
				<Option compiler="gcc" />
				<Linker>
					<Add library="opengl32" />
					<Add library="glu32" />
				</Linker>
			</Target>
		</Build>
		<Compiler>
			<Add option="-fexpensive-optimizations" />
			<Add option="-Os" />
		</Compiler>
		<Linker>
			<Add option="-s" />
			<Add library="SDL" />
			<Add library="SDL_image" />
		</Linker>
		<Unit filename="LMP3D/LMP3D.cpp" />
		<Unit filename="LMP3D/LMP3D.h" />
		<Unit filename="LMP3D/LMP3D_Window.cpp" />
		<Unit filename="LMP3D/LMP3D_Window.h" />
		<Unit filename="main.cpp" />
		<Extensions>
			<code_completion />
			<debugger />
			<envvars />
		</Extensions>
	</Project>
</CodeBlocks_project_file>
