<?xml version="1.0" encoding="UTF-8" standalone="yes" ?>
<CodeBlocks_project_file>
	<FileVersion major="1" minor="6" />
	<Project>
		<Option title="Fury-Fighting" />
		<Option pch_mode="2" />
		<Option compiler="gcc" />
		<Build>
			<Target title="Linux">
				<Option output="Bin/FuryFighting" prefix_auto="1" extension_auto="1" />
				<Option working_dir="Bin/" />
				<Option object_output="0bj/" />
				<Option type="1" />
				<Option compiler="gcc" />
				<Linker>
					<Add library="GL" />
					<Add library="GLU" />
				</Linker>
			</Target>
			<Target title="Windows">
				<Option output="Bin/FuryFighting" prefix_auto="1" extension_auto="1" />
				<Option working_dir="Bin/" />
				<Option object_output="0bj/" />
				<Option type="0" />
				<Option compiler="gcc" />
				<Linker>
					<Add library="opengl32" />
					<Add library="glu32" />
				</Linker>
			</Target>
		</Build>
		<Compiler>
			<Add option="-fexpensive-optimizations" />
			<Add option="-Os" />
		</Compiler>
		<Linker>
			<Add option="-s" />
			<Add library="SDL" />
			<Add library="SDL_image" />
		</Linker>
		<Unit filename="LMP3D/Common.h" />
		<Unit filename="LMP3D/Graphics/Camera.cpp" />
		<Unit filename="LMP3D/Graphics/Camera.h" />
		<Unit filename="LMP3D/Graphics/ColourBuffer.cpp" />
		<Unit filename="LMP3D/Graphics/ColourBuffer.h" />
		<Unit filename="LMP3D/Graphics/Common.cpp" />
		<Unit filename="LMP3D/Graphics/Common.h" />
		<Unit filename="LMP3D/Graphics/ElementsList.h" />
		<Unit filename="LMP3D/Graphics/Graphics.cpp" />
		<Unit filename="LMP3D/Graphics/Graphics.h" />
		<Unit filename="LMP3D/Graphics/Material.cpp" />
		<Unit filename="LMP3D/Graphics/Material.h" />
		<Unit filename="LMP3D/Graphics/Mesh.cpp" />
		<Unit filename="LMP3D/Graphics/Mesh.h" />
		<Unit filename="LMP3D/Graphics/NormalBuffer.cpp" />
		<Unit filename="LMP3D/Graphics/NormalBuffer.h" />
		<Unit filename="LMP3D/Graphics/ObjLoader.cpp" />
		<Unit filename="LMP3D/Graphics/ObjLoader.h" />
		<Unit filename="LMP3D/Graphics/Object.cpp" />
		<Unit filename="LMP3D/Graphics/Object.h" />
		<Unit filename="LMP3D/Graphics/Platform.h" />
		<Unit filename="LMP3D/Graphics/Platform/OpenGL.h" />
		<Unit filename="LMP3D/Graphics/Quaternion.h" />
		<Unit filename="LMP3D/Graphics/Scene.cpp" />
		<Unit filename="LMP3D/Graphics/Scene.h" />
		<Unit filename="LMP3D/Graphics/SmdLoader.cpp" />
		<Unit filename="LMP3D/Graphics/SmdLoader.h" />
		<Unit filename="LMP3D/Graphics/TexCoordBuffer.cpp" />
		<Unit filename="LMP3D/Graphics/TexCoordBuffer.h" />
		<Unit filename="LMP3D/Graphics/Texture.cpp" />
		<Unit filename="LMP3D/Graphics/Texture.h" />
		<Unit filename="LMP3D/Graphics/Vector.h" />
		<Unit filename="LMP3D/Graphics/VertexBuffer.cpp" />
		<Unit filename="LMP3D/Graphics/VertexBuffer.h" />
		<Unit filename="LMP3D/Graphics/Viewport.cpp" />
		<Unit filename="LMP3D/Graphics/Viewport.h" />
		<Unit filename="LMP3D/LMP3D.cpp" />
		<Unit filename="LMP3D/LMP3D.h" />
		<Unit filename="LMP3D/LMP3D_Window.cpp" />
		<Unit filename="LMP3D/LMP3D_Window.h" />
		<Unit filename="LMP3D/LMP3D_windows.cpp" />
		<Unit filename="LMP3D/LMP3D_windows.h" />
		<Unit filename="LMP3D/Platform.h" />
		<Unit filename="LMP3D/Platform/SDL.h" />
		<Unit filename="LMP3D/StringUtils.cpp" />
		<Unit filename="LMP3D/StringUtils.h" />
		<Unit filename="main.cpp" />
		<Extensions>
			<code_completion />
			<debugger />
			<envvars />
		</Extensions>
	</Project>
</CodeBlocks_project_file>
